
Microsoft Visual Studio Solution File, Format Version 12.00
# Visual Studio Version 16
VisualStudioVersion = 16.0.28714.193
MinimumVisualStudioVersion = 15.0.26124.0
Project("{2150E333-8FDC-42A3-9474-1A3956D46DE8}") = "src", "src", "{B2448E33-8596-47FB-A1DE-6827C7E5EE12}"
EndProject
Project("{9A19103F-16F7-4668-BE54-9A1E7A4F7556}") = "firstwebapp", "src\firstwebapp\firstwebapp.csproj", "{D0444262-6BD2-470F-8F47-3F697AF30EC9}"
EndProject
Project("{151D2E53-A2C4-4D7D-83FE-D05416EBD58E}") = "firstwebapp.Infrastructure", "src\firstwebapp.Infrastructure\firstwebapp.Infrastructure.deployproj", "{ABA46510-709A-4C32-8C9F-5DC653D38B6E}"
EndProject
Global
	GlobalSection(SolutionConfigurationPlatforms) = preSolution
		Debug|Any CPU = Debug|Any CPU
		Debug|x64 = Debug|x64
		Debug|x86 = Debug|x86
		Release|Any CPU = Release|Any CPU
		Release|x64 = Release|x64
		Release|x86 = Release|x86
	EndGlobalSection
	GlobalSection(ProjectConfigurationPlatforms) = postSolution
		{D0444262-6BD2-470F-8F47-3F697AF30EC9}.Debug|Any CPU.ActiveCfg = Debug|Any CPU
		{D0444262-6BD2-470F-8F47-3F697AF30EC9}.Debug|Any CPU.Build.0 = Debug|Any CPU
		{D0444262-6BD2-470F-8F47-3F697AF30EC9}.Debug|x64.ActiveCfg = Debug|Any CPU
		{D0444262-6BD2-470F-8F47-3F697AF30EC9}.Debug|x64.Build.0 = Debug|Any CPU
		{D0444262-6BD2-470F-8F47-3F697AF30EC9}.Debug|x86.ActiveCfg = Debug|Any CPU
		{D0444262-6BD2-470F-8F47-3F697AF30EC9}.Debug|x86.Build.0 = Debug|Any CPU
		{D0444262-6BD2-470F-8F47-3F697AF30EC9}.Release|Any CPU.ActiveCfg = Release|Any CPU
		{D0444262-6BD2-470F-8F47-3F697AF30EC9}.Release|Any CPU.Build.0 = Release|Any CPU
		{D0444262-6BD2-470F-8F47-3F697AF30EC9}.Release|x64.ActiveCfg = Release|Any CPU
		{D0444262-6BD2-470F-8F47-3F697AF30EC9}.Release|x64.Build.0 = Release|Any CPU
		{D0444262-6BD2-470F-8F47-3F697AF30EC9}.Release|x86.ActiveCfg = Release|Any CPU
		{D0444262-6BD2-470F-8F47-3F697AF30EC9}.Release|x86.Build.0 = Release|Any CPU
		{ABA46510-709A-4C32-8C9F-5DC653D38B6E}.Debug|Any CPU.ActiveCfg = Debug|Any CPU
		{ABA46510-709A-4C32-8C9F-5DC653D38B6E}.Debug|Any CPU.Build.0 = Debug|Any CPU
		{ABA46510-709A-4C32-8C9F-5DC653D38B6E}.Debug|x64.ActiveCfg = Debug|Any CPU
		{ABA46510-709A-4C32-8C9F-5DC653D38B6E}.Debug|x64.Build.0 = Debug|Any CPU
		{ABA46510-709A-4C32-8C9F-5DC653D38B6E}.Debug|x86.ActiveCfg = Debug|Any CPU
		{ABA46510-709A-4C32-8C9F-5DC653D38B6E}.Debug|x86.Build.0 = Debug|Any CPU
		{ABA46510-709A-4C32-8C9F-5DC653D38B6E}.Release|Any CPU.ActiveCfg = Release|Any CPU
		{ABA46510-709A-4C32-8C9F-5DC653D38B6E}.Release|Any CPU.Build.0 = Release|Any CPU
		{ABA46510-709A-4C32-8C9F-5DC653D38B6E}.Release|x64.ActiveCfg = Release|Any CPU
		{ABA46510-709A-4C32-8C9F-5DC653D38B6E}.Release|x64.Build.0 = Release|Any CPU
		{ABA46510-709A-4C32-8C9F-5DC653D38B6E}.Release|x86.ActiveCfg = Release|Any CPU
		{ABA46510-709A-4C32-8C9F-5DC653D38B6E}.Release|x86.Build.0 = Release|Any CPU
	EndGlobalSection
	GlobalSection(SolutionProperties) = preSolution
		HideSolutionNode = FALSE
	EndGlobalSection
	GlobalSection(NestedProjects) = preSolution
		{D0444262-6BD2-470F-8F47-3F697AF30EC9} = {B2448E33-8596-47FB-A1DE-6827C7E5EE12}
		{ABA46510-709A-4C32-8C9F-5DC653D38B6E} = {B2448E33-8596-47FB-A1DE-6827C7E5EE12}
	EndGlobalSection
	GlobalSection(ExtensibilityGlobals) = postSolution
		SolutionGuid = {6AD7F90C-520A-4B31-B69C-B0BBB0E73628}
	EndGlobalSection
EndGlobal
